Microsoft Visual Studio Solution File, Format Version 12.00
# Visual Studio Version 17
VisualStudioVersion = 17.5.2.0
MinimumVisualStudioVersion = 10.0.40219.1
Project("{FAE04EC0-301F-11D3-BF4B-00C04F79EFBC}") = "exe-3", "exe-3\exe-3.csproj", "{822DECFC-8008-D8E9-A27F-E806AF3DF64F}"
EndProject
Global
	GlobalSection(SolutionConfigurationPlatforms) = preSolution
		Debug|Any CPU = Debug|Any CPU
		Release|Any CPU = Release|Any CPU
	EndGlobalSection
	GlobalSection(ProjectConfigurationPlatforms) = postSolution
		{822DECFC-8008-D8E9-A27F-E806AF3DF64F}.Debug|Any CPU.ActiveCfg = Debug|Any CPU
		{822DECFC-8008-D8E9-A27F-E806AF3DF64F}.Debug|Any CPU.Build.0 = Debug|Any CPU
		{822DECFC-8008-D8E9-A27F-E806AF3DF64F}.Release|Any CPU.ActiveCfg = Release|Any CPU
		{822DECFC-8008-D8E9-A27F-E806AF3DF64F}.Release|Any CPU.Build.0 = Release|Any CPU
	EndGlobalSection
	GlobalSection(SolutionProperties) = preSolution
		HideSolutionNode = FALSE
	EndGlobalSection
	GlobalSection(ExtensibilityGlobals) = postSolution
		SolutionGuid = {673F178C-A192-4F3F-A96E-0545B3F605C5}
	EndGlobalSection
EndGlobal
